
Microsoft Visual Studio Solution File, Format Version 12.00
# Visual Studio Version 16
VisualStudioVersion = 16.0.30907.101
MinimumVisualStudioVersion = 10.0.40219.1
Project("{FAE04EC0-301F-11D3-BF4B-00C04F79EFBC}") = "Jeans.AspNetCore", "Jeans.AspNetCore\Jeans.AspNetCore.csproj", "{377C9B94-0940-4C27-A950-7158B94222A5}"
EndProject
Global
	GlobalSection(SolutionConfigurationPlatforms) = preSolution
		Debug|Any CPU = Debug|Any CPU
		Release|Any CPU = Release|Any CPU
	EndGlobalSection
	GlobalSection(ProjectConfigurationPlatforms) = postSolution
		{377C9B94-0940-4C27-A950-7158B94222A5}.Debug|Any CPU.ActiveCfg = Debug|Any CPU
		{377C9B94-0940-4C27-A950-7158B94222A5}.Debug|Any CPU.Build.0 = Debug|Any CPU
		{377C9B94-0940-4C27-A950-7158B94222A5}.Release|Any CPU.ActiveCfg = Release|Any CPU
		{377C9B94-0940-4C27-A950-7158B94222A5}.Release|Any CPU.Build.0 = Release|Any CPU
	EndGlobalSection
	GlobalSection(SolutionProperties) = preSolution
		HideSolutionNode = FALSE
	EndGlobalSection
	GlobalSection(ExtensibilityGlobals) = postSolution
		SolutionGuid = {6EE72889-4C44-4E99-87F6-006B17289757}
	EndGlobalSection
EndGlobal
